Microsoft Visual Studio Solution File, Format Version 12.00
# Visual Studio Version 17
VisualStudioVersion = 17.5.2.0
MinimumVisualStudioVersion = 10.0.40219.1
Project("{FAE04EC0-301F-11D3-BF4B-00C04F79EFBC}") = "Call_Center", "Call_Center.csproj", "{1E4DD970-C0B4-CAAA-891D-AF6CFD20614D}"
EndProject
Global
	GlobalSection(SolutionConfigurationPlatforms) = preSolution
		Debug|Any CPU = Debug|Any CPU
		Release|Any CPU = Release|Any CPU
	EndGlobalSection
	GlobalSection(ProjectConfigurationPlatforms) = postSolution
		{1E4DD970-C0B4-CAAA-891D-AF6CFD20614D}.Debug|Any CPU.ActiveCfg = Debug|Any CPU
		{1E4DD970-C0B4-CAAA-891D-AF6CFD20614D}.Debug|Any CPU.Build.0 = Debug|Any CPU
		{1E4DD970-C0B4-CAAA-891D-AF6CFD20614D}.Release|Any CPU.ActiveCfg = Release|Any CPU
		{1E4DD970-C0B4-CAAA-891D-AF6CFD20614D}.Release|Any CPU.Build.0 = Release|Any CPU
	EndGlobalSection
	GlobalSection(SolutionProperties) = preSolution
		HideSolutionNode = FALSE
	EndGlobalSection
	GlobalSection(ExtensibilityGlobals) = postSolution
		SolutionGuid = {9EC82D80-1273-437C-B4AE-D070C01A0CE8}
	EndGlobalSection
EndGlobal
