Microsoft Visual Studio Solution File, Format Version 12.00
# Visual Studio Version 17
VisualStudioVersion = 17.5.2.0
MinimumVisualStudioVersion = 10.0.40219.1
Project("{FAE04EC0-301F-11D3-BF4B-00C04F79EFBC}") = "SortingArray", "SortingArray.csproj", "{62C7F77D-BE38-7523-9078-4BC4943EC9BD}"
EndProject
Global
	GlobalSection(SolutionConfigurationPlatforms) = preSolution
		Debug|Any CPU = Debug|Any CPU
		Release|Any CPU = Release|Any CPU
	EndGlobalSection
	GlobalSection(ProjectConfigurationPlatforms) = postSolution
		{62C7F77D-BE38-7523-9078-4BC4943EC9BD}.Debug|Any CPU.ActiveCfg = Debug|Any CPU
		{62C7F77D-BE38-7523-9078-4BC4943EC9BD}.Debug|Any CPU.Build.0 = Debug|Any CPU
		{62C7F77D-BE38-7523-9078-4BC4943EC9BD}.Release|Any CPU.ActiveCfg = Release|Any CPU
		{62C7F77D-BE38-7523-9078-4BC4943EC9BD}.Release|Any CPU.Build.0 = Release|Any CPU
	EndGlobalSection
	GlobalSection(SolutionProperties) = preSolution
		HideSolutionNode = FALSE
	EndGlobalSection
	GlobalSection(ExtensibilityGlobals) = postSolution
		SolutionGuid = {C7B0A4A9-0909-4922-A069-87DF0E5D5692}
	EndGlobalSection
EndGlobal
